
Microsoft Visual Studio Solution File, Format Version 12.00
# Visual Studio 15
VisualStudioVersion = 15.0.34829.251
MinimumVisualStudioVersion = 10.0.40219.1
Project("{FAE04EC0-301F-11D3-BF4B-00C04F79EFBC}") = "learn_devexpress", "learn_devexpress\learn_devexpress.csproj", "{F3521078-9448-4FD0-8739-B65E71DF3996}"
EndProject
Global
	GlobalSection(SolutionConfigurationPlatforms) = preSolution
		Debug|Any CPU = Debug|Any CPU
		Release|Any CPU = Release|Any CPU
	EndGlobalSection
	GlobalSection(ProjectConfigurationPlatforms) = postSolution
		{F3521078-9448-4FD0-8739-B65E71DF3996}.Debug|Any CPU.ActiveCfg = Debug|Any CPU
		{F3521078-9448-4FD0-8739-B65E71DF3996}.Debug|Any CPU.Build.0 = Debug|Any CPU
		{F3521078-9448-4FD0-8739-B65E71DF3996}.Release|Any CPU.ActiveCfg = Release|Any CPU
		{F3521078-9448-4FD0-8739-B65E71DF3996}.Release|Any CPU.Build.0 = Release|Any CPU
	EndGlobalSection
	GlobalSection(SolutionProperties) = preSolution
		HideSolutionNode = FALSE
	EndGlobalSection
	GlobalSection(ExtensibilityGlobals) = postSolution
		SolutionGuid = {74D94E26-F91D-493E-B687-8D22D13665D3}
	EndGlobalSection
EndGlobal
